
Microsoft Visual Studio Solution File, Format Version 12.00
# Visual Studio 15
VisualStudioVersion = 15.0.28307.705
MinimumVisualStudioVersion = 10.0.40219.1
Project("{FAE04EC0-301F-11D3-BF4B-00C04F79EFBC}") = "FizzBuzzChallenge", "FizzBuzzChallenge\FizzBuzzChallenge.csproj", "{7C63EA11-16B9-45CE-BDB8-995237215ACD}"
EndProject
Global
	GlobalSection(SolutionConfigurationPlatforms) = preSolution
		Debug|Any CPU = Debug|Any CPU
		Release|Any CPU = Release|Any CPU
	EndGlobalSection
	GlobalSection(ProjectConfigurationPlatforms) = postSolution
		{7C63EA11-16B9-45CE-BDB8-995237215ACD}.Debug|Any CPU.ActiveCfg = Debug|Any CPU
		{7C63EA11-16B9-45CE-BDB8-995237215ACD}.Debug|Any CPU.Build.0 = Debug|Any CPU
		{7C63EA11-16B9-45CE-BDB8-995237215ACD}.Release|Any CPU.ActiveCfg = Release|Any CPU
		{7C63EA11-16B9-45CE-BDB8-995237215ACD}.Release|Any CPU.Build.0 = Release|Any CPU
	EndGlobalSection
	GlobalSection(SolutionProperties) = preSolution
		HideSolutionNode = FALSE
	EndGlobalSection
	GlobalSection(ExtensibilityGlobals) = postSolution
		SolutionGuid = {FCBB535E-5122-4FC5-9BE9-6857F10037E3}
	EndGlobalSection
EndGlobal
