
Microsoft Visual Studio Solution File, Format Version 12.00
# Visual Studio 15
VisualStudioVersion = 15.0.28307.705
MinimumVisualStudioVersion = 10.0.40219.1
Project("{00D1A9C2-B5F0-4AF3-8072-F6C62B433612}") = "DB_DatabaseDesignChallenge", "DatabaseDesignChallenge\DB_DatabaseDesignChallenge.sqlproj", "{449AFFEE-585D-487B-B0AA-64F2DE99214C}"
EndProject
Project("{FAE04EC0-301F-11D3-BF4B-00C04F79EFBC}") = "DatabaseAccess", "DatabaseAccess\DatabaseAccess.csproj", "{D09138DE-F952-4574-AC33-A712C20FFA96}"
EndProject
Global
	GlobalSection(SolutionConfigurationPlatforms) = preSolution
		Debug|Any CPU = Debug|Any CPU
		Release|Any CPU = Release|Any CPU
	EndGlobalSection
	GlobalSection(ProjectConfigurationPlatforms) = postSolution
		{449AFFEE-585D-487B-B0AA-64F2DE99214C}.Debug|Any CPU.ActiveCfg = Debug|Any CPU
		{449AFFEE-585D-487B-B0AA-64F2DE99214C}.Debug|Any CPU.Build.0 = Debug|Any CPU
		{449AFFEE-585D-487B-B0AA-64F2DE99214C}.Debug|Any CPU.Deploy.0 = Debug|Any CPU
		{449AFFEE-585D-487B-B0AA-64F2DE99214C}.Release|Any CPU.ActiveCfg = Release|Any CPU
		{449AFFEE-585D-487B-B0AA-64F2DE99214C}.Release|Any CPU.Build.0 = Release|Any CPU
		{449AFFEE-585D-487B-B0AA-64F2DE99214C}.Release|Any CPU.Deploy.0 = Release|Any CPU
		{D09138DE-F952-4574-AC33-A712C20FFA96}.Debug|Any CPU.ActiveCfg = Debug|Any CPU
		{D09138DE-F952-4574-AC33-A712C20FFA96}.Debug|Any CPU.Build.0 = Debug|Any CPU
		{D09138DE-F952-4574-AC33-A712C20FFA96}.Release|Any CPU.ActiveCfg = Release|Any CPU
		{D09138DE-F952-4574-AC33-A712C20FFA96}.Release|Any CPU.Build.0 = Release|Any CPU
	EndGlobalSection
	GlobalSection(SolutionProperties) = preSolution
		HideSolutionNode = FALSE
	EndGlobalSection
	GlobalSection(ExtensibilityGlobals) = postSolution
		SolutionGuid = {B94150D2-54B5-4927-B4D1-F7A7581C7858}
	EndGlobalSection
EndGlobal
